
Microsoft Visual Studio Solution File, Format Version 12.00
# Visual Studio Version 17
VisualStudioVersion = 17.8.34511.84
MinimumVisualStudioVersion = 10.0.40219.1
Project("{FAE04EC0-301F-11D3-BF4B-00C04F79EFBC}") = "Reddit", "Reddit\Reddit.csproj", "{36E68E62-6728-4F33-A899-BCB6268FFA7A}"
EndProject
Global
	GlobalSection(SolutionConfigurationPlatforms) = preSolution
		Debug|Any CPU = Debug|Any CPU
		Release|Any CPU = Release|Any CPU
	EndGlobalSection
	GlobalSection(ProjectConfigurationPlatforms) = postSolution
		{36E68E62-6728-4F33-A899-BCB6268FFA7A}.Debug|Any CPU.ActiveCfg = Debug|Any CPU
		{36E68E62-6728-4F33-A899-BCB6268FFA7A}.Debug|Any CPU.Build.0 = Debug|Any CPU
		{36E68E62-6728-4F33-A899-BCB6268FFA7A}.Release|Any CPU.ActiveCfg = Release|Any CPU
		{36E68E62-6728-4F33-A899-BCB6268FFA7A}.Release|Any CPU.Build.0 = Release|Any CPU
	EndGlobalSection
	GlobalSection(SolutionProperties) = preSolution
		HideSolutionNode = FALSE
	EndGlobalSection
	GlobalSection(ExtensibilityGlobals) = postSolution
		SolutionGuid = {FD7BB3F7-F23F-4740-8100-90993B4F4541}
	EndGlobalSection
EndGlobal
